
Microsoft Visual Studio Solution File, Format Version 12.00
# Visual Studio Version 17
VisualStudioVersion = 17.9.34728.123
MinimumVisualStudioVersion = 10.0.40219.1
Project("{8BC9CEB8-8B4A-11D0-8D11-00A0C91BC942}") = "ALL_BUILD", "ALL_BUILD.vcxproj", "{B8435A80-76F5-3617-9AC3-D2AA65B23BBB}"
	ProjectSection(ProjectDependencies) = postProject
		{8B603EF1-18D0-3AEF-9217-16BDDF32245C} = {8B603EF1-18D0-3AEF-9217-16BDDF32245C}
		{9FC4F044-9623-3DB3-9623-9C5E35FF2AF9} = {9FC4F044-9623-3DB3-9623-9C5E35FF2AF9}
		{E9A287BA-8712-32F5-8CCE-58329EDAA59F} = {E9A287BA-8712-32F5-8CCE-58329EDAA59F}
	EndProjectSection
EndProject
Project("{8BC9CEB8-8B4A-11D0-8D11-00A0C91BC942}") = "SDL_gpu_examples", "SDL_gpu_examples.vcxproj", "{E9A287BA-8712-32F5-8CCE-58329EDAA59F}"
	ProjectSection(ProjectDependencies) = postProject
		{8B603EF1-18D0-3AEF-9217-16BDDF32245C} = {8B603EF1-18D0-3AEF-9217-16BDDF32245C}
		{9FC4F044-9623-3DB3-9623-9C5E35FF2AF9} = {9FC4F044-9623-3DB3-9623-9C5E35FF2AF9}
	EndProjectSection
EndProject
Project("{8BC9CEB8-8B4A-11D0-8D11-00A0C91BC942}") = "ZERO_CHECK", "ZERO_CHECK.vcxproj", "{9FC4F044-9623-3DB3-9623-9C5E35FF2AF9}"
EndProject
Project("{8BC9CEB8-8B4A-11D0-8D11-00A0C91BC942}") = "SDL3-shared", "..\SDLBuild\SDL3-shared.vcxproj", "{8B603EF1-18D0-3AEF-9217-16BDDF32245C}"
EndProject
Global
	GlobalSection(SolutionConfigurationPlatforms) = preSolution
		Debug|x64 = Debug|x64
		MinSizeRel|x64 = MinSizeRel|x64
		Release|x64 = Release|x64
		RelWithDebInfo|x64 = RelWithDebInfo|x64
	EndGlobalSection
	GlobalSection(ProjectConfigurationPlatforms) = postSolution
		{B8435A80-76F5-3617-9AC3-D2AA65B23BBB}.Debug|x64.ActiveCfg = Debug|x64
		{B8435A80-76F5-3617-9AC3-D2AA65B23BBB}.MinSizeRel|x64.ActiveCfg = MinSizeRel|x64
		{B8435A80-76F5-3617-9AC3-D2AA65B23BBB}.Release|x64.ActiveCfg = Release|x64
		{B8435A80-76F5-3617-9AC3-D2AA65B23BBB}.RelWithDebInfo|x64.ActiveCfg = RelWithDebInfo|x64
		{E9A287BA-8712-32F5-8CCE-58329EDAA59F}.Debug|x64.ActiveCfg = Debug|x64
		{E9A287BA-8712-32F5-8CCE-58329EDAA59F}.Debug|x64.Build.0 = Debug|x64
		{E9A287BA-8712-32F5-8CCE-58329EDAA59F}.MinSizeRel|x64.ActiveCfg = MinSizeRel|x64
		{E9A287BA-8712-32F5-8CCE-58329EDAA59F}.MinSizeRel|x64.Build.0 = MinSizeRel|x64
		{E9A287BA-8712-32F5-8CCE-58329EDAA59F}.Release|x64.ActiveCfg = Release|x64
		{E9A287BA-8712-32F5-8CCE-58329EDAA59F}.Release|x64.Build.0 = Release|x64
		{E9A287BA-8712-32F5-8CCE-58329EDAA59F}.RelWithDebInfo|x64.ActiveCfg = RelWithDebInfo|x64
		{E9A287BA-8712-32F5-8CCE-58329EDAA59F}.RelWithDebInfo|x64.Build.0 = RelWithDebInfo|x64
		{9FC4F044-9623-3DB3-9623-9C5E35FF2AF9}.Debug|x64.ActiveCfg = Debug|x64
		{9FC4F044-9623-3DB3-9623-9C5E35FF2AF9}.Debug|x64.Build.0 = Debug|x64
		{9FC4F044-9623-3DB3-9623-9C5E35FF2AF9}.MinSizeRel|x64.ActiveCfg = MinSizeRel|x64
		{9FC4F044-9623-3DB3-9623-9C5E35FF2AF9}.MinSizeRel|x64.Build.0 = MinSizeRel|x64
		{9FC4F044-9623-3DB3-9623-9C5E35FF2AF9}.Release|x64.ActiveCfg = Release|x64
		{9FC4F044-9623-3DB3-9623-9C5E35FF2AF9}.Release|x64.Build.0 = Release|x64
		{9FC4F044-9623-3DB3-9623-9C5E35FF2AF9}.RelWithDebInfo|x64.ActiveCfg = RelWithDebInfo|x64
		{9FC4F044-9623-3DB3-9623-9C5E35FF2AF9}.RelWithDebInfo|x64.Build.0 = RelWithDebInfo|x64
		{8B603EF1-18D0-3AEF-9217-16BDDF32245C}.Debug|x64.ActiveCfg = Debug|x64
		{8B603EF1-18D0-3AEF-9217-16BDDF32245C}.Debug|x64.Build.0 = Debug|x64
		{8B603EF1-18D0-3AEF-9217-16BDDF32245C}.MinSizeRel|x64.ActiveCfg = MinSizeRel|x64
		{8B603EF1-18D0-3AEF-9217-16BDDF32245C}.MinSizeRel|x64.Build.0 = MinSizeRel|x64
		{8B603EF1-18D0-3AEF-9217-16BDDF32245C}.Release|x64.ActiveCfg = Release|x64
		{8B603EF1-18D0-3AEF-9217-16BDDF32245C}.Release|x64.Build.0 = Release|x64
		{8B603EF1-18D0-3AEF-9217-16BDDF32245C}.RelWithDebInfo|x64.ActiveCfg = RelWithDebInfo|x64
		{8B603EF1-18D0-3AEF-9217-16BDDF32245C}.RelWithDebInfo|x64.Build.0 = RelWithDebInfo|x64
	EndGlobalSection
	GlobalSection(SolutionProperties) = preSolution
		HideSolutionNode = FALSE
	EndGlobalSection
	GlobalSection(ExtensibilityGlobals) = postSolution
		SolutionGuid = {43FDF389-C61F-3385-8F44-8A6421FC9059}
	EndGlobalSection
EndGlobal
