<?xml version="1.0" encoding="utf-8"?>
<Project ToolsVersion="17.0" xmlns="http://schemas.microsoft.com/developer/msbuild/2003">
  <ItemGroup>
    <CustomBuild Include="C:\git\sdlgpu\SDL_gpu_examples\CMakeFiles\520f347710f3495e1417ebc0ab0559d6\generate.stamp.rule">
      <Filter>CMake Rules</Filter>
    </CustomBuild>
  </ItemGroup>
  <ItemGroup>
    <Filter Include="CMake Rules">
      <UniqueIdentifier>{06C08EEA-F64C-32F5-84E5-CDDC4B8033DF}</UniqueIdentifier>
    </Filter>
  </ItemGroup>
</Project>
